PODS:
  - SwapkeyExtensionSDK (0.0.1)

DEPENDENCIES:
  - SwapkeyExtensionSDK

SPEC REPOS:
  https://github.com/cocoapods/specs.git:
    - SwapkeyExtensionSDK

SPEC CHECKSUMS:
  SwapkeyExtensionSDK: 5680465097b332d82f9e89399f3b660ac49d7226

PODFILE CHECKSUM: 52847f6595bfc4e7afbf2b0da6d097d9b42baed2

COCOAPODS: 1.5.3
