PODS:
  - SwapkeyExtensionSDK (1.7)

DEPENDENCIES:
  - SwapkeyExtensionSDK

SPEC REPOS:
  https://github.com/cocoapods/specs.git:
    - SwapkeyExtensionSDK

SPEC CHECKSUMS:
  SwapkeyExtensionSDK: c31f45551e354fb96b8ed04fc68e6446c8061c86

PODFILE CHECKSUM: 26a796e3b23a29a6b9574ab79b9be562bb9c605e

COCOAPODS: 1.5.3
