PODS:
  - SwapkeyExtensionSDK (1.10)

DEPENDENCIES:
  - SwapkeyExtensionSDK

SPEC REPOS:
  https://github.com/cocoapods/specs.git:
    - SwapkeyExtensionSDK

SPEC CHECKSUMS:
  SwapkeyExtensionSDK: 9e7a42e0a24499c205a46aceab6379106d1b57f5

PODFILE CHECKSUM: 26a796e3b23a29a6b9574ab79b9be562bb9c605e

COCOAPODS: 1.5.3
