PODS:
  - SwapkeyExtensionSDK (1.23)

DEPENDENCIES:
  - SwapkeyExtensionSDK

SPEC REPOS:
  https://github.com/cocoapods/specs.git:
    - SwapkeyExtensionSDK

SPEC CHECKSUMS:
  SwapkeyExtensionSDK: be689bf4e0535fd46d98ae055245c27ca47f321e

PODFILE CHECKSUM: 26a796e3b23a29a6b9574ab79b9be562bb9c605e

COCOAPODS: 1.5.3
